{
  "name": "alieva-lawyer-site",
  "version": "1.0.0",
  "lockfileVersion": 3,
  "requires": true,
  "packages": {
    "": {
      "name": "alieva-lawyer-site",
      "version": "1.0.0",
      "devDependencies": {
        "vite": "file:./local-vite"
      }
    },
    "local-vite": {
      "name": "vite",
      "version": "0.0.0-local",
      "bin": {
        "vite": "bin/vite.js"
      }
    },
    "node_modules/vite": {
      "resolved": "local-vite",
      "link": true
    }
  }
}